
Microsoft Visual Studio Solution File, Format Version 12.00
# Visual Studio Version 17
VisualStudioVersion = 17.1.32328.378
MinimumVisualStudioVersion = 10.0.40219.1
Project("{FAE04EC0-301F-11D3-BF4B-00C04F79EFBC}") = "server", "server.csproj", "{287A7001-76A7-4AE6-BA4C-0040D9C9997C}"
EndProject
Global
	GlobalSection(SolutionConfigurationPlatforms) = preSolution
		Debug|Any CPU = Debug|Any CPU
		Release|Any CPU = Release|Any CPU
	EndGlobalSection
	GlobalSection(ProjectConfigurationPlatforms) = postSolution
		{287A7001-76A7-4AE6-BA4C-0040D9C9997C}.Debug|Any CPU.ActiveCfg = Debug|Any CPU
		{287A7001-76A7-4AE6-BA4C-0040D9C9997C}.Debug|Any CPU.Build.0 = Debug|Any CPU
		{287A7001-76A7-4AE6-BA4C-0040D9C9997C}.Release|Any CPU.ActiveCfg = Release|Any CPU
		{287A7001-76A7-4AE6-BA4C-0040D9C9997C}.Release|Any CPU.Build.0 = Release|Any CPU
	EndGlobalSection
	GlobalSection(SolutionProperties) = preSolution
		HideSolutionNode = FALSE
	EndGlobalSection
	GlobalSection(ExtensibilityGlobals) = postSolution
		SolutionGuid = {E0159FA8-9BB9-4490-BEDB-AC8B10B6065D}
	EndGlobalSection
EndGlobal
