
Microsoft Visual Studio Solution File, Format Version 12.00
# Visual Studio Version 17
VisualStudioVersion = 17.1.32328.378
MinimumVisualStudioVersion = 10.0.40219.1
Project("{9A19103F-16F7-4668-BE54-9A1E7A4F7556}") = "server", "server.csproj", "{287A7001-76A7-4AE6-BA4C-0040D9C9997C}"
EndProject
Project("{9A19103F-16F7-4668-BE54-9A1E7A4F7556}") = "Domain", "..\Domain\Domain.csproj", "{7426C8EB-6BF0-4030-A19E-87F3322B1DA0}"
EndProject
Project("{9A19103F-16F7-4668-BE54-9A1E7A4F7556}") = "Application", "..\Application\Application.csproj", "{0417802B-13B9-41E9-8FE8-C828D22E17BD}"
EndProject
Project("{9A19103F-16F7-4668-BE54-9A1E7A4F7556}") = "Infrastructure", "..\Infrastructure\Infrastructure.csproj", "{376403E9-6283-4CF0-A143-C04CF4E68CAD}"
EndProject
Global
	GlobalSection(SolutionConfigurationPlatforms) = preSolution
		Debug|Any CPU = Debug|Any CPU
		Release|Any CPU = Release|Any CPU
	EndGlobalSection
	GlobalSection(ProjectConfigurationPlatforms) = postSolution
		{287A7001-76A7-4AE6-BA4C-0040D9C9997C}.Debug|Any CPU.ActiveCfg = Debug|Any CPU
		{287A7001-76A7-4AE6-BA4C-0040D9C9997C}.Debug|Any CPU.Build.0 = Debug|Any CPU
		{287A7001-76A7-4AE6-BA4C-0040D9C9997C}.Release|Any CPU.ActiveCfg = Release|Any CPU
		{287A7001-76A7-4AE6-BA4C-0040D9C9997C}.Release|Any CPU.Build.0 = Release|Any CPU
		{7426C8EB-6BF0-4030-A19E-87F3322B1DA0}.Debug|Any CPU.ActiveCfg = Debug|Any CPU
		{7426C8EB-6BF0-4030-A19E-87F3322B1DA0}.Debug|Any CPU.Build.0 = Debug|Any CPU
		{7426C8EB-6BF0-4030-A19E-87F3322B1DA0}.Release|Any CPU.ActiveCfg = Release|Any CPU
		{7426C8EB-6BF0-4030-A19E-87F3322B1DA0}.Release|Any CPU.Build.0 = Release|Any CPU
		{0417802B-13B9-41E9-8FE8-C828D22E17BD}.Debug|Any CPU.ActiveCfg = Debug|Any CPU
		{0417802B-13B9-41E9-8FE8-C828D22E17BD}.Debug|Any CPU.Build.0 = Debug|Any CPU
		{0417802B-13B9-41E9-8FE8-C828D22E17BD}.Release|Any CPU.ActiveCfg = Release|Any CPU
		{0417802B-13B9-41E9-8FE8-C828D22E17BD}.Release|Any CPU.Build.0 = Release|Any CPU
		{376403E9-6283-4CF0-A143-C04CF4E68CAD}.Debug|Any CPU.ActiveCfg = Debug|Any CPU
		{376403E9-6283-4CF0-A143-C04CF4E68CAD}.Debug|Any CPU.Build.0 = Debug|Any CPU
		{376403E9-6283-4CF0-A143-C04CF4E68CAD}.Release|Any CPU.ActiveCfg = Release|Any CPU
		{376403E9-6283-4CF0-A143-C04CF4E68CAD}.Release|Any CPU.Build.0 = Release|Any CPU
	EndGlobalSection
	GlobalSection(SolutionProperties) = preSolution
		HideSolutionNode = FALSE
	EndGlobalSection
	GlobalSection(ExtensibilityGlobals) = postSolution
		SolutionGuid = {E0159FA8-9BB9-4490-BEDB-AC8B10B6065D}
	EndGlobalSection
EndGlobal
