
Microsoft Visual Studio Solution File, Format Version 12.00
# Visual Studio Version 17
VisualStudioVersion = 17.2.32505.173
MinimumVisualStudioVersion = 10.0.40219.1
Project("{FAE04EC0-301F-11D3-BF4B-00C04F79EFBC}") = "WebAPI", "WebAPI\WebAPI.csproj", "{B4C5A829-285C-421F-A898-C76C8B7568B9}"
EndProject
Global
	GlobalSection(SolutionConfigurationPlatforms) = preSolution
		Debug|Any CPU = Debug|Any CPU
		Release|Any CPU = Release|Any CPU
	EndGlobalSection
	GlobalSection(ProjectConfigurationPlatforms) = postSolution
		{B4C5A829-285C-421F-A898-C76C8B7568B9}.Debug|Any CPU.ActiveCfg = Debug|Any CPU
		{B4C5A829-285C-421F-A898-C76C8B7568B9}.Debug|Any CPU.Build.0 = Debug|Any CPU
		{B4C5A829-285C-421F-A898-C76C8B7568B9}.Release|Any CPU.ActiveCfg = Release|Any CPU
		{B4C5A829-285C-421F-A898-C76C8B7568B9}.Release|Any CPU.Build.0 = Release|Any CPU
	EndGlobalSection
	GlobalSection(SolutionProperties) = preSolution
		HideSolutionNode = FALSE
	EndGlobalSection
	GlobalSection(ExtensibilityGlobals) = postSolution
		SolutionGuid = {74F2F066-8846-4DC5-B4F1-18C1F1737FD6}
	EndGlobalSection
EndGlobal
